
Microsoft Visual Studio Solution File, Format Version 12.00
# Visual Studio Version 17
VisualStudioVersion = 17.5.002.0
MinimumVisualStudioVersion = 10.0.40219.1
Project("{9A19103F-16F7-4668-BE54-9A1E7A4F7556}") = "identity", "identity.csproj", "{BE8072C5-FE39-4191-AAC9-5D980B0BD3BD}"
EndProject
Global
	GlobalSection(SolutionConfigurationPlatforms) = preSolution
		Debug|Any CPU = Debug|Any CPU
		Release|Any CPU = Release|Any CPU
	EndGlobalSection
	GlobalSection(ProjectConfigurationPlatforms) = postSolution
		{BE8072C5-FE39-4191-AAC9-5D980B0BD3BD}.Debug|Any CPU.ActiveCfg = Debug|Any CPU
		{BE8072C5-FE39-4191-AAC9-5D980B0BD3BD}.Debug|Any CPU.Build.0 = Debug|Any CPU
		{BE8072C5-FE39-4191-AAC9-5D980B0BD3BD}.Release|Any CPU.ActiveCfg = Release|Any CPU
		{BE8072C5-FE39-4191-AAC9-5D980B0BD3BD}.Release|Any CPU.Build.0 = Release|Any CPU
	EndGlobalSection
	GlobalSection(SolutionProperties) = preSolution
		HideSolutionNode = FALSE
	EndGlobalSection
	GlobalSection(ExtensibilityGlobals) = postSolution
		SolutionGuid = {7C45D835-5CBC-4278-B1AB-BA14656C4DBB}
	EndGlobalSection
EndGlobal
