
Microsoft Visual Studio Solution File, Format Version 12.00
# Visual Studio Version 17
VisualStudioVersion = 17.5.002.0
MinimumVisualStudioVersion = 10.0.40219.1
Project("{9A19103F-16F7-4668-BE54-9A1E7A4F7556}") = "identity", "identity.csproj", "{2716052E-34D9-42FB-86B8-BB6C164DC31C}"
EndProject
Global
	GlobalSection(SolutionConfigurationPlatforms) = preSolution
		Debug|Any CPU = Debug|Any CPU
		Release|Any CPU = Release|Any CPU
	EndGlobalSection
	GlobalSection(ProjectConfigurationPlatforms) = postSolution
		{2716052E-34D9-42FB-86B8-BB6C164DC31C}.Debug|Any CPU.ActiveCfg = Debug|Any CPU
		{2716052E-34D9-42FB-86B8-BB6C164DC31C}.Debug|Any CPU.Build.0 = Debug|Any CPU
		{2716052E-34D9-42FB-86B8-BB6C164DC31C}.Release|Any CPU.ActiveCfg = Release|Any CPU
		{2716052E-34D9-42FB-86B8-BB6C164DC31C}.Release|Any CPU.Build.0 = Release|Any CPU
	EndGlobalSection
	GlobalSection(SolutionProperties) = preSolution
		HideSolutionNode = FALSE
	EndGlobalSection
	GlobalSection(ExtensibilityGlobals) = postSolution
		SolutionGuid = {48AE67E9-2230-43DC-8488-D8048F97C18A}
	EndGlobalSection
EndGlobal
