
Microsoft Visual Studio Solution File, Format Version 12.00
# Visual Studio Version 17
VisualStudioVersion = 17.5.002.0
MinimumVisualStudioVersion = 10.0.40219.1
Project("{9A19103F-16F7-4668-BE54-9A1E7A4F7556}") = "domain", "domain.csproj", "{1A0616C4-2D7C-4A49-8953-4D7BF0154AEE}"
EndProject
Global
	GlobalSection(SolutionConfigurationPlatforms) = preSolution
		Debug|Any CPU = Debug|Any CPU
		Release|Any CPU = Release|Any CPU
	EndGlobalSection
	GlobalSection(ProjectConfigurationPlatforms) = postSolution
		{1A0616C4-2D7C-4A49-8953-4D7BF0154AEE}.Debug|Any CPU.ActiveCfg = Debug|Any CPU
		{1A0616C4-2D7C-4A49-8953-4D7BF0154AEE}.Debug|Any CPU.Build.0 = Debug|Any CPU
		{1A0616C4-2D7C-4A49-8953-4D7BF0154AEE}.Release|Any CPU.ActiveCfg = Release|Any CPU
		{1A0616C4-2D7C-4A49-8953-4D7BF0154AEE}.Release|Any CPU.Build.0 = Release|Any CPU
	EndGlobalSection
	GlobalSection(SolutionProperties) = preSolution
		HideSolutionNode = FALSE
	EndGlobalSection
	GlobalSection(ExtensibilityGlobals) = postSolution
		SolutionGuid = {20E4720D-1017-4E81-87C8-0D321143A360}
	EndGlobalSection
EndGlobal
